
Microsoft Visual Studio Solution File, Format Version 12.00
# Visual Studio 15
Project("{FAE04EC0-301F-11D3-BF4B-00C04F79EFBC}") = "UnityEngine.TestRunner", "UnityEngine.TestRunner.csproj", "{BDFB2695-8735-1B18-1CF0-3345AFF7475F}"
EndProject
Project("{FAE04EC0-301F-11D3-BF4B-00C04F79EFBC}") = "UnityEngine.UI", "UnityEngine.UI.csproj", "{B9F6D983-DF66-161E-881E-31E2771D6D77}"
EndProject
Project("{FAE04EC0-301F-11D3-BF4B-00C04F79EFBC}") = "Unity.VisualScripting.Flow", "Unity.VisualScripting.Flow.csproj", "{40EA89FC-8804-22F8-89D0-E2DE816F496B}"
EndProject
Project("{FAE04EC0-301F-11D3-BF4B-00C04F79EFBC}") = "Unity.Services.Core.Telemetry", "Unity.Services.Core.Telemetry.csproj", "{E17C95E8-1D39-AD09-962E-31594750CF20}"
EndProject
Project("{FAE04EC0-301F-11D3-BF4B-00C04F79EFBC}") = "Unity.VisualScripting.State", "Unity.VisualScripting.State.csproj", "{46C57717-B563-1F18-9D7F-C2EA86BA506E}"
EndProject
Project("{FAE04EC0-301F-11D3-BF4B-00C04F79EFBC}") = "Unity.VisualScripting.Core", "Unity.VisualScripting.Core.csproj", "{FAE22A79-AB2F-510A-85DF-E7EDFD05BE54}"
EndProject
Project("{FAE04EC0-301F-11D3-BF4B-00C04F79EFBC}") = "Unity.Services.Core.Environments.Internal", "Unity.Services.Core.Environments.Internal.csproj", "{F829A787-15BE-B8E0-79B3-A887B1E44AA3}"
EndProject
Project("{FAE04EC0-301F-11D3-BF4B-00C04F79EFBC}") = "Unity.TextMeshPro", "Unity.TextMeshPro.csproj", "{5FF183F2-0C6B-8224-DD6E-5580DF72FDBF}"
EndProject
Project("{FAE04EC0-301F-11D3-BF4B-00C04F79EFBC}") = "Unity.Timeline", "Unity.Timeline.csproj", "{E4963AC9-617C-122B-1A74-B77141DE853C}"
EndProject
Project("{FAE04EC0-301F-11D3-BF4B-00C04F79EFBC}") = "Unity.Services.Core.Environments", "Unity.Services.Core.Environments.csproj", "{22BB8C7F-4FF8-8CDD-24FD-E991FF0ED414}"
EndProject
Project("{FAE04EC0-301F-11D3-BF4B-00C04F79EFBC}") = "Unity.Services.Core.Internal", "Unity.Services.Core.Internal.csproj", "{6D66992F-B2F8-419D-538B-09F0CDF574FE}"
EndProject
Project("{FAE04EC0-301F-11D3-BF4B-00C04F79EFBC}") = "Unity.Services.Core.Analytics", "Unity.Services.Core.Analytics.csproj", "{AEB034F7-ACAE-FFF0-0B89-0866112AD2BE}"
EndProject
Project("{FAE04EC0-301F-11D3-BF4B-00C04F79EFBC}") = "Unity.Services.Core.Scheduler", "Unity.Services.Core.Scheduler.csproj", "{5603C933-C492-4F03-05E6-CB60EFD75628}"
EndProject
Project("{FAE04EC0-301F-11D3-BF4B-00C04F79EFBC}") = "Unity.Services.Core.Registration", "Unity.Services.Core.Registration.csproj", "{18733629-8153-0093-2053-705BAFEE4E65}"
EndProject
Project("{FAE04EC0-301F-11D3-BF4B-00C04F79EFBC}") = "Unity.Services.Core.Device", "Unity.Services.Core.Device.csproj", "{AA184AA5-3AAA-F8B3-0913-5CEF6D86F3F5}"
EndProject
Project("{FAE04EC0-301F-11D3-BF4B-00C04F79EFBC}") = "Unity.Services.Core.Threading", "Unity.Services.Core.Threading.csproj", "{94A8EA10-415B-1989-FA6C-11D15EE2580D}"
EndProject
Project("{FAE04EC0-301F-11D3-BF4B-00C04F79EFBC}") = "Unity.Services.Core.Networking", "Unity.Services.Core.Networking.csproj", "{ADA02E44-18ED-3F99-99F6-86847BFFBCB6}"
EndProject
Project("{FAE04EC0-301F-11D3-BF4B-00C04F79EFBC}") = "Unity.Services.Core", "Unity.Services.Core.csproj", "{3BAC261D-025B-3853-27D0-59CB57E96AF5}"
EndProject
Project("{FAE04EC0-301F-11D3-BF4B-00C04F79EFBC}") = "Unity.Services.Core.Configuration", "Unity.Services.Core.Configuration.csproj", "{AC3A3A3A-04AD-32A8-DE0B-FAE847CF43C5}"
EndProject
Project("{FAE04EC0-301F-11D3-BF4B-00C04F79EFBC}") = "Assembly-CSharp", "Assembly-CSharp.csproj", "{B36EF085-A9A4-F895-FE59-937E22291515}"
EndProject
Project("{FAE04EC0-301F-11D3-BF4B-00C04F79EFBC}") = "Unity.PlasticSCM.Editor", "Unity.PlasticSCM.Editor.csproj", "{61C6086F-57B9-5038-1502-74918A305657}"
EndProject
Project("{FAE04EC0-301F-11D3-BF4B-00C04F79EFBC}") = "Unity.VisualScripting.Core.Editor", "Unity.VisualScripting.Core.Editor.csproj", "{EC801F18-F41C-830B-96D8-D8AF6C80CD9D}"
EndProject
Project("{FAE04EC0-301F-11D3-BF4B-00C04F79EFBC}") = "Unity.VisualScripting.Flow.Editor", "Unity.VisualScripting.Flow.Editor.csproj", "{0C1333BA-9573-FC4D-94C0-1BEFCE2293BB}"
EndProject
Project("{FAE04EC0-301F-11D3-BF4B-00C04F79EFBC}") = "Unity.VisualStudio.Editor", "Unity.VisualStudio.Editor.csproj", "{6D484238-41A9-D0A3-C6B8-8494465CCCEA}"
EndProject
Project("{FAE04EC0-301F-11D3-BF4B-00C04F79EFBC}") = "Unity.Timeline.Editor", "Unity.Timeline.Editor.csproj", "{F9039B05-AF5A-CBCF-717B-1A86CF8139FA}"
EndProject
Project("{FAE04EC0-301F-11D3-BF4B-00C04F79EFBC}") = "Unity.VisualScripting.State.Editor", "Unity.VisualScripting.State.Editor.csproj", "{2B32FCC7-9366-EADC-D0A8-7ECE4BBE6A49}"
EndProject
Project("{FAE04EC0-301F-11D3-BF4B-00C04F79EFBC}") = "Unity.TextMeshPro.Editor", "Unity.TextMeshPro.Editor.csproj", "{A82F2D7F-B984-6794-A2B4-9F8E56450A62}"
EndProject
Project("{FAE04EC0-301F-11D3-BF4B-00C04F79EFBC}") = "Unity.VisualScripting.SettingsProvider.Editor", "Unity.VisualScripting.SettingsProvider.Editor.csproj", "{0A4AD514-A8FA-6007-DC59-D017C09909C3}"
EndProject
Project("{FAE04EC0-301F-11D3-BF4B-00C04F79EFBC}") = "Unity.CollabProxy.Editor", "Unity.CollabProxy.Editor.csproj", "{2B1AB342-5164-6527-D89B-16F8597BEAA1}"
EndProject
Project("{FAE04EC0-301F-11D3-BF4B-00C04F79EFBC}") = "UnityEditor.TestRunner", "UnityEditor.TestRunner.csproj", "{57CA846D-6A8A-C4D9-5A0F-860DE94B5087}"
EndProject
Project("{FAE04EC0-301F-11D3-BF4B-00C04F79EFBC}") = "Unity.Services.Core.Editor", "Unity.Services.Core.Editor.csproj", "{838840EC-B11C-96F5-FD29-E4DE539577B6}"
EndProject
Project("{FAE04EC0-301F-11D3-BF4B-00C04F79EFBC}") = "Unity.TestTools.CodeCoverage.Editor", "Unity.TestTools.CodeCoverage.Editor.csproj", "{2A4434F0-482E-2368-79ED-9A77F849504F}"
EndProject
Project("{FAE04EC0-301F-11D3-BF4B-00C04F79EFBC}") = "Unity.Rider.Editor", "Unity.Rider.Editor.csproj", "{610CC100-F280-AFA8-DADD-7F11CA23AB45}"
EndProject
Project("{FAE04EC0-301F-11D3-BF4B-00C04F79EFBC}") = "Unity.Performance.Profile-Analyzer.Editor", "Unity.Performance.Profile-Analyzer.Editor.csproj", "{69FA09B5-AE68-E1FC-17BE-9161FAB1B57D}"
EndProject
Project("{FAE04EC0-301F-11D3-BF4B-00C04F79EFBC}") = "Unity.VSCode.Editor", "Unity.VSCode.Editor.csproj", "{FA35D8EC-8210-8B82-B5CF-9492F5BDDAE5}"
EndProject
Project("{FAE04EC0-301F-11D3-BF4B-00C04F79EFBC}") = "UnityEditor.UI", "UnityEditor.UI.csproj", "{41F609E2-44DB-B3CD-2E75-68B4674F04F6}"
EndProject
Project("{FAE04EC0-301F-11D3-BF4B-00C04F79EFBC}") = "Unity.TestTools.CodeCoverage.Editor.OpenCover.Model", "Unity.TestTools.CodeCoverage.Editor.OpenCover.Model.csproj", "{FAA37139-ADCE-E68C-8F21-8D2F23D06D7D}"
EndProject
Project("{FAE04EC0-301F-11D3-BF4B-00C04F79EFBC}") = "Unity.EditorCoroutines.Editor", "Unity.EditorCoroutines.Editor.csproj", "{C65E2D53-6CD4-28D2-3954-9BC1EF80EC9B}"
EndProject
Project("{FAE04EC0-301F-11D3-BF4B-00C04F79EFBC}") = "Unity.Settings.Editor", "Unity.Settings.Editor.csproj", "{3ED030B3-EFCA-72BC-6E5C-D513EDABA549}"
EndProject
Project("{FAE04EC0-301F-11D3-BF4B-00C04F79EFBC}") = "Unity.Services.Core.Configuration.Editor", "Unity.Services.Core.Configuration.Editor.csproj", "{FC67FA45-D0CD-D827-C2A3-CCE4D13D69B0}"
EndProject
Project("{FAE04EC0-301F-11D3-BF4B-00C04F79EFBC}") = "Unity.TestTools.CodeCoverage.Editor.OpenCover.Mono.Reflection", "Unity.TestTools.CodeCoverage.Editor.OpenCover.Mono.Reflection.csproj", "{2C855E9F-4AAF-1D6E-7B86-18CD87A54B68}"
EndProject
Project("{FAE04EC0-301F-11D3-BF4B-00C04F79EFBC}") = "Unity.VisualScripting.Shared.Editor", "Unity.VisualScripting.Shared.Editor.csproj", "{929B20FF-F632-CFA2-1D9C-C739F3D34F59}"
EndProject
Global
	GlobalSection(SolutionConfigurationPlatforms) = preSolution
		Debug|Any CPU = Debug|Any CPU
		Release|Any CPU = Release|Any CPU
	EndGlobalSection
	GlobalSection(ProjectConfigurationPlatforms) = postSolution
		{BDFB2695-8735-1B18-1CF0-3345AFF7475F}.Debug|Any CPU.ActiveCfg = Debug|Any CPU
		{BDFB2695-8735-1B18-1CF0-3345AFF7475F}.Debug|Any CPU.Build.0 = Debug|Any CPU
		{BDFB2695-8735-1B18-1CF0-3345AFF7475F}.Release|Any CPU.ActiveCfg = Release|Any CPU
		{BDFB2695-8735-1B18-1CF0-3345AFF7475F}.Release|Any CPU.Build.0 = Release|Any CPU
		{B9F6D983-DF66-161E-881E-31E2771D6D77}.Debug|Any CPU.ActiveCfg = Debug|Any CPU
		{B9F6D983-DF66-161E-881E-31E2771D6D77}.Debug|Any CPU.Build.0 = Debug|Any CPU
		{B9F6D983-DF66-161E-881E-31E2771D6D77}.Release|Any CPU.ActiveCfg = Release|Any CPU
		{B9F6D983-DF66-161E-881E-31E2771D6D77}.Release|Any CPU.Build.0 = Release|Any CPU
		{40EA89FC-8804-22F8-89D0-E2DE816F496B}.Debug|Any CPU.ActiveCfg = Debug|Any CPU
		{40EA89FC-8804-22F8-89D0-E2DE816F496B}.Debug|Any CPU.Build.0 = Debug|Any CPU
		{40EA89FC-8804-22F8-89D0-E2DE816F496B}.Release|Any CPU.ActiveCfg = Release|Any CPU
		{40EA89FC-8804-22F8-89D0-E2DE816F496B}.Release|Any CPU.Build.0 = Release|Any CPU
		{E17C95E8-1D39-AD09-962E-31594750CF20}.Debug|Any CPU.ActiveCfg = Debug|Any CPU
		{E17C95E8-1D39-AD09-962E-31594750CF20}.Debug|Any CPU.Build.0 = Debug|Any CPU
		{E17C95E8-1D39-AD09-962E-31594750CF20}.Release|Any CPU.ActiveCfg = Release|Any CPU
		{E17C95E8-1D39-AD09-962E-31594750CF20}.Release|Any CPU.Build.0 = Release|Any CPU
		{46C57717-B563-1F18-9D7F-C2EA86BA506E}.Debug|Any CPU.ActiveCfg = Debug|Any CPU
		{46C57717-B563-1F18-9D7F-C2EA86BA506E}.Debug|Any CPU.Build.0 = Debug|Any CPU
		{46C57717-B563-1F18-9D7F-C2EA86BA506E}.Release|Any CPU.ActiveCfg = Release|Any CPU
		{46C57717-B563-1F18-9D7F-C2EA86BA506E}.Release|Any CPU.Build.0 = Release|Any CPU
		{FAE22A79-AB2F-510A-85DF-E7EDFD05BE54}.Debug|Any CPU.ActiveCfg = Debug|Any CPU
		{FAE22A79-AB2F-510A-85DF-E7EDFD05BE54}.Debug|Any CPU.Build.0 = Debug|Any CPU
		{FAE22A79-AB2F-510A-85DF-E7EDFD05BE54}.Release|Any CPU.ActiveCfg = Release|Any CPU
		{FAE22A79-AB2F-510A-85DF-E7EDFD05BE54}.Release|Any CPU.Build.0 = Release|Any CPU
		{F829A787-15BE-B8E0-79B3-A887B1E44AA3}.Debug|Any CPU.ActiveCfg = Debug|Any CPU
		{F829A787-15BE-B8E0-79B3-A887B1E44AA3}.Debug|Any CPU.Build.0 = Debug|Any CPU
		{F829A787-15BE-B8E0-79B3-A887B1E44AA3}.Release|Any CPU.ActiveCfg = Release|Any CPU
		{F829A787-15BE-B8E0-79B3-A887B1E44AA3}.Release|Any CPU.Build.0 = Release|Any CPU
		{5FF183F2-0C6B-8224-DD6E-5580DF72FDBF}.Debug|Any CPU.ActiveCfg = Debug|Any CPU
		{5FF183F2-0C6B-8224-DD6E-5580DF72FDBF}.Debug|Any CPU.Build.0 = Debug|Any CPU
		{5FF183F2-0C6B-8224-DD6E-5580DF72FDBF}.Release|Any CPU.ActiveCfg = Release|Any CPU
		{5FF183F2-0C6B-8224-DD6E-5580DF72FDBF}.Release|Any CPU.Build.0 = Release|Any CPU
		{E4963AC9-617C-122B-1A74-B77141DE853C}.Debug|Any CPU.ActiveCfg = Debug|Any CPU
		{E4963AC9-617C-122B-1A74-B77141DE853C}.Debug|Any CPU.Build.0 = Debug|Any CPU
		{E4963AC9-617C-122B-1A74-B77141DE853C}.Release|Any CPU.ActiveCfg = Release|Any CPU
		{E4963AC9-617C-122B-1A74-B77141DE853C}.Release|Any CPU.Build.0 = Release|Any CPU
		{22BB8C7F-4FF8-8CDD-24FD-E991FF0ED414}.Debug|Any CPU.ActiveCfg = Debug|Any CPU
		{22BB8C7F-4FF8-8CDD-24FD-E991FF0ED414}.Debug|Any CPU.Build.0 = Debug|Any CPU
		{22BB8C7F-4FF8-8CDD-24FD-E991FF0ED414}.Release|Any CPU.ActiveCfg = Release|Any CPU
		{22BB8C7F-4FF8-8CDD-24FD-E991FF0ED414}.Release|Any CPU.Build.0 = Release|Any CPU
		{6D66992F-B2F8-419D-538B-09F0CDF574FE}.Debug|Any CPU.ActiveCfg = Debug|Any CPU
		{6D66992F-B2F8-419D-538B-09F0CDF574FE}.Debug|Any CPU.Build.0 = Debug|Any CPU
		{6D66992F-B2F8-419D-538B-09F0CDF574FE}.Release|Any CPU.ActiveCfg = Release|Any CPU
		{6D66992F-B2F8-419D-538B-09F0CDF574FE}.Release|Any CPU.Build.0 = Release|Any CPU
		{AEB034F7-ACAE-FFF0-0B89-0866112AD2BE}.Debug|Any CPU.ActiveCfg = Debug|Any CPU
		{AEB034F7-ACAE-FFF0-0B89-0866112AD2BE}.Debug|Any CPU.Build.0 = Debug|Any CPU
		{AEB034F7-ACAE-FFF0-0B89-0866112AD2BE}.Release|Any CPU.ActiveCfg = Release|Any CPU
		{AEB034F7-ACAE-FFF0-0B89-0866112AD2BE}.Release|Any CPU.Build.0 = Release|Any CPU
		{5603C933-C492-4F03-05E6-CB60EFD75628}.Debug|Any CPU.ActiveCfg = Debug|Any CPU
		{5603C933-C492-4F03-05E6-CB60EFD75628}.Debug|Any CPU.Build.0 = Debug|Any CPU
		{5603C933-C492-4F03-05E6-CB60EFD75628}.Release|Any CPU.ActiveCfg = Release|Any CPU
		{5603C933-C492-4F03-05E6-CB60EFD75628}.Release|Any CPU.Build.0 = Release|Any CPU
		{18733629-8153-0093-2053-705BAFEE4E65}.Debug|Any CPU.ActiveCfg = Debug|Any CPU
		{18733629-8153-0093-2053-705BAFEE4E65}.Debug|Any CPU.Build.0 = Debug|Any CPU
		{18733629-8153-0093-2053-705BAFEE4E65}.Release|Any CPU.ActiveCfg = Release|Any CPU
		{18733629-8153-0093-2053-705BAFEE4E65}.Release|Any CPU.Build.0 = Release|Any CPU
		{AA184AA5-3AAA-F8B3-0913-5CEF6D86F3F5}.Debug|Any CPU.ActiveCfg = Debug|Any CPU
		{AA184AA5-3AAA-F8B3-0913-5CEF6D86F3F5}.Debug|Any CPU.Build.0 = Debug|Any CPU
		{AA184AA5-3AAA-F8B3-0913-5CEF6D86F3F5}.Release|Any CPU.ActiveCfg = Release|Any CPU
		{AA184AA5-3AAA-F8B3-0913-5CEF6D86F3F5}.Release|Any CPU.Build.0 = Release|Any CPU
		{94A8EA10-415B-1989-FA6C-11D15EE2580D}.Debug|Any CPU.ActiveCfg = Debug|Any CPU
		{94A8EA10-415B-1989-FA6C-11D15EE2580D}.Debug|Any CPU.Build.0 = Debug|Any CPU
		{94A8EA10-415B-1989-FA6C-11D15EE2580D}.Release|Any CPU.ActiveCfg = Release|Any CPU
		{94A8EA10-415B-1989-FA6C-11D15EE2580D}.Release|Any CPU.Build.0 = Release|Any CPU
		{ADA02E44-18ED-3F99-99F6-86847BFFBCB6}.Debug|Any CPU.ActiveCfg = Debug|Any CPU
		{ADA02E44-18ED-3F99-99F6-86847BFFBCB6}.Debug|Any CPU.Build.0 = Debug|Any CPU
		{ADA02E44-18ED-3F99-99F6-86847BFFBCB6}.Release|Any CPU.ActiveCfg = Release|Any CPU
		{ADA02E44-18ED-3F99-99F6-86847BFFBCB6}.Release|Any CPU.Build.0 = Release|Any CPU
		{3BAC261D-025B-3853-27D0-59CB57E96AF5}.Debug|Any CPU.ActiveCfg = Debug|Any CPU
		{3BAC261D-025B-3853-27D0-59CB57E96AF5}.Debug|Any CPU.Build.0 = Debug|Any CPU
		{3BAC261D-025B-3853-27D0-59CB57E96AF5}.Release|Any CPU.ActiveCfg = Release|Any CPU
		{3BAC261D-025B-3853-27D0-59CB57E96AF5}.Release|Any CPU.Build.0 = Release|Any CPU
		{AC3A3A3A-04AD-32A8-DE0B-FAE847CF43C5}.Debug|Any CPU.ActiveCfg = Debug|Any CPU
		{AC3A3A3A-04AD-32A8-DE0B-FAE847CF43C5}.Debug|Any CPU.Build.0 = Debug|Any CPU
		{AC3A3A3A-04AD-32A8-DE0B-FAE847CF43C5}.Release|Any CPU.ActiveCfg = Release|Any CPU
		{AC3A3A3A-04AD-32A8-DE0B-FAE847CF43C5}.Release|Any CPU.Build.0 = Release|Any CPU
		{B36EF085-A9A4-F895-FE59-937E22291515}.Debug|Any CPU.ActiveCfg = Debug|Any CPU
		{B36EF085-A9A4-F895-FE59-937E22291515}.Debug|Any CPU.Build.0 = Debug|Any CPU
		{B36EF085-A9A4-F895-FE59-937E22291515}.Release|Any CPU.ActiveCfg = Release|Any CPU
		{B36EF085-A9A4-F895-FE59-937E22291515}.Release|Any CPU.Build.0 = Release|Any CPU
		{61C6086F-57B9-5038-1502-74918A305657}.Debug|Any CPU.ActiveCfg = Debug|Any CPU
		{61C6086F-57B9-5038-1502-74918A305657}.Debug|Any CPU.Build.0 = Debug|Any CPU
		{61C6086F-57B9-5038-1502-74918A305657}.Release|Any CPU.ActiveCfg = Release|Any CPU
		{61C6086F-57B9-5038-1502-74918A305657}.Release|Any CPU.Build.0 = Release|Any CPU
		{EC801F18-F41C-830B-96D8-D8AF6C80CD9D}.Debug|Any CPU.ActiveCfg = Debug|Any CPU
		{EC801F18-F41C-830B-96D8-D8AF6C80CD9D}.Debug|Any CPU.Build.0 = Debug|Any CPU
		{EC801F18-F41C-830B-96D8-D8AF6C80CD9D}.Release|Any CPU.ActiveCfg = Release|Any CPU
		{EC801F18-F41C-830B-96D8-D8AF6C80CD9D}.Release|Any CPU.Build.0 = Release|Any CPU
		{0C1333BA-9573-FC4D-94C0-1BEFCE2293BB}.Debug|Any CPU.ActiveCfg = Debug|Any CPU
		{0C1333BA-9573-FC4D-94C0-1BEFCE2293BB}.Debug|Any CPU.Build.0 = Debug|Any CPU
		{0C1333BA-9573-FC4D-94C0-1BEFCE2293BB}.Release|Any CPU.ActiveCfg = Release|Any CPU
		{0C1333BA-9573-FC4D-94C0-1BEFCE2293BB}.Release|Any CPU.Build.0 = Release|Any CPU
		{6D484238-41A9-D0A3-C6B8-8494465CCCEA}.Debug|Any CPU.ActiveCfg = Debug|Any CPU
		{6D484238-41A9-D0A3-C6B8-8494465CCCEA}.Debug|Any CPU.Build.0 = Debug|Any CPU
		{6D484238-41A9-D0A3-C6B8-8494465CCCEA}.Release|Any CPU.ActiveCfg = Release|Any CPU
		{6D484238-41A9-D0A3-C6B8-8494465CCCEA}.Release|Any CPU.Build.0 = Release|Any CPU
		{F9039B05-AF5A-CBCF-717B-1A86CF8139FA}.Debug|Any CPU.ActiveCfg = Debug|Any CPU
		{F9039B05-AF5A-CBCF-717B-1A86CF8139FA}.Debug|Any CPU.Build.0 = Debug|Any CPU
		{F9039B05-AF5A-CBCF-717B-1A86CF8139FA}.Release|Any CPU.ActiveCfg = Release|Any CPU
		{F9039B05-AF5A-CBCF-717B-1A86CF8139FA}.Release|Any CPU.Build.0 = Release|Any CPU
		{2B32FCC7-9366-EADC-D0A8-7ECE4BBE6A49}.Debug|Any CPU.ActiveCfg = Debug|Any CPU
		{2B32FCC7-9366-EADC-D0A8-7ECE4BBE6A49}.Debug|Any CPU.Build.0 = Debug|Any CPU
		{2B32FCC7-9366-EADC-D0A8-7ECE4BBE6A49}.Release|Any CPU.ActiveCfg = Release|Any CPU
		{2B32FCC7-9366-EADC-D0A8-7ECE4BBE6A49}.Release|Any CPU.Build.0 = Release|Any CPU
		{A82F2D7F-B984-6794-A2B4-9F8E56450A62}.Debug|Any CPU.ActiveCfg = Debug|Any CPU
		{A82F2D7F-B984-6794-A2B4-9F8E56450A62}.Debug|Any CPU.Build.0 = Debug|Any CPU
		{A82F2D7F-B984-6794-A2B4-9F8E56450A62}.Release|Any CPU.ActiveCfg = Release|Any CPU
		{A82F2D7F-B984-6794-A2B4-9F8E56450A62}.Release|Any CPU.Build.0 = Release|Any CPU
		{0A4AD514-A8FA-6007-DC59-D017C09909C3}.Debug|Any CPU.ActiveCfg = Debug|Any CPU
		{0A4AD514-A8FA-6007-DC59-D017C09909C3}.Debug|Any CPU.Build.0 = Debug|Any CPU
		{0A4AD514-A8FA-6007-DC59-D017C09909C3}.Release|Any CPU.ActiveCfg = Release|Any CPU
		{0A4AD514-A8FA-6007-DC59-D017C09909C3}.Release|Any CPU.Build.0 = Release|Any CPU
		{2B1AB342-5164-6527-D89B-16F8597BEAA1}.Debug|Any CPU.ActiveCfg = Debug|Any CPU
		{2B1AB342-5164-6527-D89B-16F8597BEAA1}.Debug|Any CPU.Build.0 = Debug|Any CPU
		{2B1AB342-5164-6527-D89B-16F8597BEAA1}.Release|Any CPU.ActiveCfg = Release|Any CPU
		{2B1AB342-5164-6527-D89B-16F8597BEAA1}.Release|Any CPU.Build.0 = Release|Any CPU
		{57CA846D-6A8A-C4D9-5A0F-860DE94B5087}.Debug|Any CPU.ActiveCfg = Debug|Any CPU
		{57CA846D-6A8A-C4D9-5A0F-860DE94B5087}.Debug|Any CPU.Build.0 = Debug|Any CPU
		{57CA846D-6A8A-C4D9-5A0F-860DE94B5087}.Release|Any CPU.ActiveCfg = Release|Any CPU
		{57CA846D-6A8A-C4D9-5A0F-860DE94B5087}.Release|Any CPU.Build.0 = Release|Any CPU
		{838840EC-B11C-96F5-FD29-E4DE539577B6}.Debug|Any CPU.ActiveCfg = Debug|Any CPU
		{838840EC-B11C-96F5-FD29-E4DE539577B6}.Debug|Any CPU.Build.0 = Debug|Any CPU
		{838840EC-B11C-96F5-FD29-E4DE539577B6}.Release|Any CPU.ActiveCfg = Release|Any CPU
		{838840EC-B11C-96F5-FD29-E4DE539577B6}.Release|Any CPU.Build.0 = Release|Any CPU
		{2A4434F0-482E-2368-79ED-9A77F849504F}.Debug|Any CPU.ActiveCfg = Debug|Any CPU
		{2A4434F0-482E-2368-79ED-9A77F849504F}.Debug|Any CPU.Build.0 = Debug|Any CPU
		{2A4434F0-482E-2368-79ED-9A77F849504F}.Release|Any CPU.ActiveCfg = Release|Any CPU
		{2A4434F0-482E-2368-79ED-9A77F849504F}.Release|Any CPU.Build.0 = Release|Any CPU
		{610CC100-F280-AFA8-DADD-7F11CA23AB45}.Debug|Any CPU.ActiveCfg = Debug|Any CPU
		{610CC100-F280-AFA8-DADD-7F11CA23AB45}.Debug|Any CPU.Build.0 = Debug|Any CPU
		{610CC100-F280-AFA8-DADD-7F11CA23AB45}.Release|Any CPU.ActiveCfg = Release|Any CPU
		{610CC100-F280-AFA8-DADD-7F11CA23AB45}.Release|Any CPU.Build.0 = Release|Any CPU
		{69FA09B5-AE68-E1FC-17BE-9161FAB1B57D}.Debug|Any CPU.ActiveCfg = Debug|Any CPU
		{69FA09B5-AE68-E1FC-17BE-9161FAB1B57D}.Debug|Any CPU.Build.0 = Debug|Any CPU
		{69FA09B5-AE68-E1FC-17BE-9161FAB1B57D}.Release|Any CPU.ActiveCfg = Release|Any CPU
		{69FA09B5-AE68-E1FC-17BE-9161FAB1B57D}.Release|Any CPU.Build.0 = Release|Any CPU
		{FA35D8EC-8210-8B82-B5CF-9492F5BDDAE5}.Debug|Any CPU.ActiveCfg = Debug|Any CPU
		{FA35D8EC-8210-8B82-B5CF-9492F5BDDAE5}.Debug|Any CPU.Build.0 = Debug|Any CPU
		{FA35D8EC-8210-8B82-B5CF-9492F5BDDAE5}.Release|Any CPU.ActiveCfg = Release|Any CPU
		{FA35D8EC-8210-8B82-B5CF-9492F5BDDAE5}.Release|Any CPU.Build.0 = Release|Any CPU
		{41F609E2-44DB-B3CD-2E75-68B4674F04F6}.Debug|Any CPU.ActiveCfg = Debug|Any CPU
		{41F609E2-44DB-B3CD-2E75-68B4674F04F6}.Debug|Any CPU.Build.0 = Debug|Any CPU
		{41F609E2-44DB-B3CD-2E75-68B4674F04F6}.Release|Any CPU.ActiveCfg = Release|Any CPU
		{41F609E2-44DB-B3CD-2E75-68B4674F04F6}.Release|Any CPU.Build.0 = Release|Any CPU
		{FAA37139-ADCE-E68C-8F21-8D2F23D06D7D}.Debug|Any CPU.ActiveCfg = Debug|Any CPU
		{FAA37139-ADCE-E68C-8F21-8D2F23D06D7D}.Debug|Any CPU.Build.0 = Debug|Any CPU
		{FAA37139-ADCE-E68C-8F21-8D2F23D06D7D}.Release|Any CPU.ActiveCfg = Release|Any CPU
		{FAA37139-ADCE-E68C-8F21-8D2F23D06D7D}.Release|Any CPU.Build.0 = Release|Any CPU
		{C65E2D53-6CD4-28D2-3954-9BC1EF80EC9B}.Debug|Any CPU.ActiveCfg = Debug|Any CPU
		{C65E2D53-6CD4-28D2-3954-9BC1EF80EC9B}.Debug|Any CPU.Build.0 = Debug|Any CPU
		{C65E2D53-6CD4-28D2-3954-9BC1EF80EC9B}.Release|Any CPU.ActiveCfg = Release|Any CPU
		{C65E2D53-6CD4-28D2-3954-9BC1EF80EC9B}.Release|Any CPU.Build.0 = Release|Any CPU
		{3ED030B3-EFCA-72BC-6E5C-D513EDABA549}.Debug|Any CPU.ActiveCfg = Debug|Any CPU
		{3ED030B3-EFCA-72BC-6E5C-D513EDABA549}.Debug|Any CPU.Build.0 = Debug|Any CPU
		{3ED030B3-EFCA-72BC-6E5C-D513EDABA549}.Release|Any CPU.ActiveCfg = Release|Any CPU
		{3ED030B3-EFCA-72BC-6E5C-D513EDABA549}.Release|Any CPU.Build.0 = Release|Any CPU
		{FC67FA45-D0CD-D827-C2A3-CCE4D13D69B0}.Debug|Any CPU.ActiveCfg = Debug|Any CPU
		{FC67FA45-D0CD-D827-C2A3-CCE4D13D69B0}.Debug|Any CPU.Build.0 = Debug|Any CPU
		{FC67FA45-D0CD-D827-C2A3-CCE4D13D69B0}.Release|Any CPU.ActiveCfg = Release|Any CPU
		{FC67FA45-D0CD-D827-C2A3-CCE4D13D69B0}.Release|Any CPU.Build.0 = Release|Any CPU
		{2C855E9F-4AAF-1D6E-7B86-18CD87A54B68}.Debug|Any CPU.ActiveCfg = Debug|Any CPU
		{2C855E9F-4AAF-1D6E-7B86-18CD87A54B68}.Debug|Any CPU.Build.0 = Debug|Any CPU
		{2C855E9F-4AAF-1D6E-7B86-18CD87A54B68}.Release|Any CPU.ActiveCfg = Release|Any CPU
		{2C855E9F-4AAF-1D6E-7B86-18CD87A54B68}.Release|Any CPU.Build.0 = Release|Any CPU
		{929B20FF-F632-CFA2-1D9C-C739F3D34F59}.Debug|Any CPU.ActiveCfg = Debug|Any CPU
		{929B20FF-F632-CFA2-1D9C-C739F3D34F59}.Debug|Any CPU.Build.0 = Debug|Any CPU
		{929B20FF-F632-CFA2-1D9C-C739F3D34F59}.Release|Any CPU.ActiveCfg = Release|Any CPU
		{929B20FF-F632-CFA2-1D9C-C739F3D34F59}.Release|Any CPU.Build.0 = Release|Any CPU
	EndGlobalSection
	GlobalSection(SolutionProperties) = preSolution
		HideSolutionNode = FALSE
	EndGlobalSection
EndGlobal
